
Microsoft Visual Studio Solution File, Format Version 12.00
# Visual Studio Version 17
VisualStudioVersion = 17.2.32516.85
MinimumVisualStudioVersion = 10.0.40219.1
Project("{FAE04EC0-301F-11D3-BF4B-00C04F79EFBC}") = "WpfApp126", "WpfApp126\WpfApp126.csproj", "{789E03AE-BE08-4C01-A8E8-13290147D629}"
EndProject
Global
	GlobalSection(SolutionConfigurationPlatforms) = preSolution
		Debug|Any CPU = Debug|Any CPU
		Release|Any CPU = Release|Any CPU
	EndGlobalSection
	GlobalSection(ProjectConfigurationPlatforms) = postSolution
		{789E03AE-BE08-4C01-A8E8-13290147D629}.Debug|Any CPU.ActiveCfg = Debug|Any CPU
		{789E03AE-BE08-4C01-A8E8-13290147D629}.Debug|Any CPU.Build.0 = Debug|Any CPU
		{789E03AE-BE08-4C01-A8E8-13290147D629}.Release|Any CPU.ActiveCfg = Release|Any CPU
		{789E03AE-BE08-4C01-A8E8-13290147D629}.Release|Any CPU.Build.0 = Release|Any CPU
	EndGlobalSection
	GlobalSection(SolutionProperties) = preSolution
		HideSolutionNode = FALSE
	EndGlobalSection
	GlobalSection(ExtensibilityGlobals) = postSolution
		SolutionGuid = {4C6F9FD7-B6F0-45DD-A612-4B95FCD48FE4}
	EndGlobalSection
EndGlobal
